github.com/usbarmory/tamago v0.0.0-20250207105025-86f85883b764 h1:SNWVRToX/22EYsSa/K+PmYMN3J0u0VHG3oBMGRMxIxM=
github.com/usbarmory/tamago v0.0.0-20250207105025-86f85883b764/go.mod h1:NL88q9ZsIPYFzXaosAeKgu1Kr5i1k4Rau3wnbNBL5bY=
github.com/usbarmory/tamago v0.0.0-20250210162105-9fe2eafb7012 h1:44PL/eAOMUDUgvVvCnT2V3EuABPh+p8xA9/YZJ736tg=
github.com/usbarmory/tamago v0.0.0-20250210162105-9fe2eafb7012/go.mod h1:NL88q9ZsIPYFzXaosAeKgu1Kr5i1k4Rau3wnbNBL5bY=
